
Microsoft Visual Studio Solution File, Format Version 12.00
# Visual Studio 15
VisualStudioVersion = 15.0.28307.168
MinimumVisualStudioVersion = 10.0.40219.1
Project("{FAE04EC0-301F-11D3-BF4B-00C04F79EFBC}") = "Prework401Chall1", "Prework401Chall1\Prework401Chall1.csproj", "{CDB3521C-0519-4901-A418-1DE67B6297E8}"
EndProject
Global
	GlobalSection(SolutionConfigurationPlatforms) = preSolution
		Debug|Any CPU = Debug|Any CPU
		Release|Any CPU = Release|Any CPU
	EndGlobalSection
	GlobalSection(ProjectConfigurationPlatforms) = postSolution
		{CDB3521C-0519-4901-A418-1DE67B6297E8}.Debug|Any CPU.ActiveCfg = Debug|Any CPU
		{CDB3521C-0519-4901-A418-1DE67B6297E8}.Debug|Any CPU.Build.0 = Debug|Any CPU
		{CDB3521C-0519-4901-A418-1DE67B6297E8}.Release|Any CPU.ActiveCfg = Release|Any CPU
		{CDB3521C-0519-4901-A418-1DE67B6297E8}.Release|Any CPU.Build.0 = Release|Any CPU
	EndGlobalSection
	GlobalSection(SolutionProperties) = preSolution
		HideSolutionNode = FALSE
	EndGlobalSection
	GlobalSection(ExtensibilityGlobals) = postSolution
		SolutionGuid = {3E1848A8-7F88-4078-8A21-9334C457A276}
	EndGlobalSection
EndGlobal
